
Microsoft Visual Studio Solution File, Format Version 12.00
# Visual Studio Version 16
VisualStudioVersion = 16.0.33328.57
MinimumVisualStudioVersion = 10.0.40219.1
Project("{FAE04EC0-301F-11D3-BF4B-00C04F79EFBC}") = "modbus_plc_grafik", "modbus_plc_grafik\modbus_plc_grafik.csproj", "{39DE1974-3C0F-4D61-BF2C-AC8CBE7ACD48}"
EndProject
Global
	GlobalSection(SolutionConfigurationPlatforms) = preSolution
		Debug|Any CPU = Debug|Any CPU
		Release|Any CPU = Release|Any CPU
	EndGlobalSection
	GlobalSection(ProjectConfigurationPlatforms) = postSolution
		{39DE1974-3C0F-4D61-BF2C-AC8CBE7ACD48}.Debug|Any CPU.ActiveCfg = Debug|Any CPU
		{39DE1974-3C0F-4D61-BF2C-AC8CBE7ACD48}.Debug|Any CPU.Build.0 = Debug|Any CPU
		{39DE1974-3C0F-4D61-BF2C-AC8CBE7ACD48}.Release|Any CPU.ActiveCfg = Release|Any CPU
		{39DE1974-3C0F-4D61-BF2C-AC8CBE7ACD48}.Release|Any CPU.Build.0 = Release|Any CPU
	EndGlobalSection
	GlobalSection(SolutionProperties) = preSolution
		HideSolutionNode = FALSE
	EndGlobalSection
	GlobalSection(ExtensibilityGlobals) = postSolution
		SolutionGuid = {493A2092-127F-45A3-9C91-E6BF62ADC161}
	EndGlobalSection
EndGlobal
